
Microsoft Visual Studio Solution File, Format Version 12.00
# Visual Studio 15
VisualStudioVersion = 15.0.28307.329
MinimumVisualStudioVersion = 10.0.40219.1
Project("{FAE04EC0-301F-11D3-BF4B-00C04F79EFBC}") = "SortingMethods", "SortingMethods\SortingMethods.csproj", "{09E601A3-4A7A-43C2-86D7-C033C4580C71}"
EndProject
Project("{FAE04EC0-301F-11D3-BF4B-00C04F79EFBC}") = "SortingTests", "SortingTests\SortingTests.csproj", "{A3774F1C-EC0A-499F-91A5-3AD507223544}"
EndProject
Global
	GlobalSection(SolutionConfigurationPlatforms) = preSolution
		Debug|Any CPU = Debug|Any CPU
		Debug|ARM = Debug|ARM
		Debug|ARM64 = Debug|ARM64
		Debug|x64 = Debug|x64
		Debug|x86 = Debug|x86
		Release|Any CPU = Release|Any CPU
		Release|ARM = Release|ARM
		Release|ARM64 = Release|ARM64
		Release|x64 = Release|x64
		Release|x86 = Release|x86
	EndGlobalSection
	GlobalSection(ProjectConfigurationPlatforms) = postSolution
		{09E601A3-4A7A-43C2-86D7-C033C4580C71}.Debug|Any CPU.ActiveCfg = Debug|Any CPU
		{09E601A3-4A7A-43C2-86D7-C033C4580C71}.Debug|Any CPU.Build.0 = Debug|Any CPU
		{09E601A3-4A7A-43C2-86D7-C033C4580C71}.Debug|ARM.ActiveCfg = Debug|Any CPU
		{09E601A3-4A7A-43C2-86D7-C033C4580C71}.Debug|ARM.Build.0 = Debug|Any CPU
		{09E601A3-4A7A-43C2-86D7-C033C4580C71}.Debug|ARM64.ActiveCfg = Debug|Any CPU
		{09E601A3-4A7A-43C2-86D7-C033C4580C71}.Debug|ARM64.Build.0 = Debug|Any CPU
		{09E601A3-4A7A-43C2-86D7-C033C4580C71}.Debug|x64.ActiveCfg = Debug|Any CPU
		{09E601A3-4A7A-43C2-86D7-C033C4580C71}.Debug|x64.Build.0 = Debug|Any CPU
		{09E601A3-4A7A-43C2-86D7-C033C4580C71}.Debug|x86.ActiveCfg = Debug|Any CPU
		{09E601A3-4A7A-43C2-86D7-C033C4580C71}.Debug|x86.Build.0 = Debug|Any CPU
		{09E601A3-4A7A-43C2-86D7-C033C4580C71}.Release|Any CPU.ActiveCfg = Release|Any CPU
		{09E601A3-4A7A-43C2-86D7-C033C4580C71}.Release|Any CPU.Build.0 = Release|Any CPU
		{09E601A3-4A7A-43C2-86D7-C033C4580C71}.Release|ARM.ActiveCfg = Release|Any CPU
		{09E601A3-4A7A-43C2-86D7-C033C4580C71}.Release|ARM.Build.0 = Release|Any CPU
		{09E601A3-4A7A-43C2-86D7-C033C4580C71}.Release|ARM64.ActiveCfg = Release|Any CPU
		{09E601A3-4A7A-43C2-86D7-C033C4580C71}.Release|ARM64.Build.0 = Release|Any CPU
		{09E601A3-4A7A-43C2-86D7-C033C4580C71}.Release|x64.ActiveCfg = Release|Any CPU
		{09E601A3-4A7A-43C2-86D7-C033C4580C71}.Release|x64.Build.0 = Release|Any CPU
		{09E601A3-4A7A-43C2-86D7-C033C4580C71}.Release|x86.ActiveCfg = Release|Any CPU
		{09E601A3-4A7A-43C2-86D7-C033C4580C71}.Release|x86.Build.0 = Release|Any CPU
		{A3774F1C-EC0A-499F-91A5-3AD507223544}.Debug|Any CPU.ActiveCfg = Debug|Any CPU
		{A3774F1C-EC0A-499F-91A5-3AD507223544}.Debug|Any CPU.Build.0 = Debug|Any CPU
		{A3774F1C-EC0A-499F-91A5-3AD507223544}.Debug|ARM.ActiveCfg = Debug|Any CPU
		{A3774F1C-EC0A-499F-91A5-3AD507223544}.Debug|ARM.Build.0 = Debug|Any CPU
		{A3774F1C-EC0A-499F-91A5-3AD507223544}.Debug|ARM64.ActiveCfg = Debug|Any CPU
		{A3774F1C-EC0A-499F-91A5-3AD507223544}.Debug|ARM64.Build.0 = Debug|Any CPU
		{A3774F1C-EC0A-499F-91A5-3AD507223544}.Debug|x64.ActiveCfg = Debug|Any CPU
		{A3774F1C-EC0A-499F-91A5-3AD507223544}.Debug|x64.Build.0 = Debug|Any CPU
		{A3774F1C-EC0A-499F-91A5-3AD507223544}.Debug|x86.ActiveCfg = Debug|Any CPU
		{A3774F1C-EC0A-499F-91A5-3AD507223544}.Debug|x86.Build.0 = Debug|Any CPU
		{A3774F1C-EC0A-499F-91A5-3AD507223544}.Release|Any CPU.ActiveCfg = Release|Any CPU
		{A3774F1C-EC0A-499F-91A5-3AD507223544}.Release|Any CPU.Build.0 = Release|Any CPU
		{A3774F1C-EC0A-499F-91A5-3AD507223544}.Release|ARM.ActiveCfg = Release|Any CPU
		{A3774F1C-EC0A-499F-91A5-3AD507223544}.Release|ARM.Build.0 = Release|Any CPU
		{A3774F1C-EC0A-499F-91A5-3AD507223544}.Release|ARM64.ActiveCfg = Release|Any CPU
		{A3774F1C-EC0A-499F-91A5-3AD507223544}.Release|ARM64.Build.0 = Release|Any CPU
		{A3774F1C-EC0A-499F-91A5-3AD507223544}.Release|x64.ActiveCfg = Release|Any CPU
		{A3774F1C-EC0A-499F-91A5-3AD507223544}.Release|x64.Build.0 = Release|Any CPU
		{A3774F1C-EC0A-499F-91A5-3AD507223544}.Release|x86.ActiveCfg = Release|Any CPU
		{A3774F1C-EC0A-499F-91A5-3AD507223544}.Release|x86.Build.0 = Release|Any CPU
	EndGlobalSection
	GlobalSection(SolutionProperties) = preSolution
		HideSolutionNode = FALSE
	EndGlobalSection
	GlobalSection(ExtensibilityGlobals) = postSolution
		SolutionGuid = {03438872-1DF9-4804-AF0F-4898958E5E88}
	EndGlobalSection
EndGlobal
