
Microsoft Visual Studio Solution File, Format Version 12.00
# Visual Studio 15
VisualStudioVersion = 15.0.28307.329
MinimumVisualStudioVersion = 10.0.40219.1
Project("{FAE04EC0-301F-11D3-BF4B-00C04F79EFBC}") = "BinarySearch", "BinarySearch\BinarySearch.csproj", "{FAD6D2DA-5311-4498-B5F5-EB4FED448093}"
EndProject
Project("{FAE04EC0-301F-11D3-BF4B-00C04F79EFBC}") = "Roullete", "Roullete\Roullete.csproj", "{F2FA5C2E-141E-410B-99BC-F14207D35890}"
EndProject
Global
	GlobalSection(SolutionConfigurationPlatforms) = preSolution
		Debug|Any CPU = Debug|Any CPU
		Release|Any CPU = Release|Any CPU
	EndGlobalSection
	GlobalSection(ProjectConfigurationPlatforms) = postSolution
		{FAD6D2DA-5311-4498-B5F5-EB4FED448093}.Debug|Any CPU.ActiveCfg = Debug|Any CPU
		{FAD6D2DA-5311-4498-B5F5-EB4FED448093}.Debug|Any CPU.Build.0 = Debug|Any CPU
		{FAD6D2DA-5311-4498-B5F5-EB4FED448093}.Release|Any CPU.ActiveCfg = Release|Any CPU
		{FAD6D2DA-5311-4498-B5F5-EB4FED448093}.Release|Any CPU.Build.0 = Release|Any CPU
		{F2FA5C2E-141E-410B-99BC-F14207D35890}.Debug|Any CPU.ActiveCfg = Debug|Any CPU
		{F2FA5C2E-141E-410B-99BC-F14207D35890}.Debug|Any CPU.Build.0 = Debug|Any CPU
		{F2FA5C2E-141E-410B-99BC-F14207D35890}.Release|Any CPU.ActiveCfg = Release|Any CPU
		{F2FA5C2E-141E-410B-99BC-F14207D35890}.Release|Any CPU.Build.0 = Release|Any CPU
	EndGlobalSection
	GlobalSection(SolutionProperties) = preSolution
		HideSolutionNode = FALSE
	EndGlobalSection
	GlobalSection(ExtensibilityGlobals) = postSolution
		SolutionGuid = {EDA194D4-7A5A-4BA2-9964-FCA7EEE77794}
	EndGlobalSection
EndGlobal
